{
  "name": "scrybe",
  "version": "2.0.2",
  "lockfileVersion": 1,
  "requires": true,
  "dependencies": {
    "nodehp": {
      "version": "1.4.0",
      "resolved": "https://registry.npmjs.org/nodehp/-/nodehp-1.4.0.tgz",
      "integrity": "sha512-lkdIqi42TJ0VwYUjfQCirG8BN5aV6mWWWnPN+BwgGsROKfh93KZdEyRteaDzQadNQ+ounWVFzZHtKVta2TFuSA=="
    },
    "virtuosity-server": {
      "version": "0.4.6",
      "resolved": "https://registry.npmjs.org/virtuosity-server/-/virtuosity-server-0.4.6.tgz",
      "integrity": "sha512-1EIQJX2FTtwydZDUJSBryapzrN2/6V0U40Pql552VyD5johfNANiyAsKCLgGm1+Xzsu+BlcaJkK+rXqGbGp/zQ=="
    }
  }
}
