{
  "name": "scrybe",
  "version": "2.0.5",
  "lockfileVersion": 2,
  "requires": true,
  "packages": {
    "": {
      "version": "2.0.5",
      "license": "ISC",
      "dependencies": {
        "nodehp": "^1.4.0",
        "virtuosity-server": "^0.6.0"
      },
      "bin": {
        "scrybe": "scrybe.js"
      }
    },
    "node_modules/escs": {
      "version": "1.1.6",
      "resolved": "https://registry.npmjs.org/escs/-/escs-1.1.6.tgz",
      "integrity": "sha512-J0DhTZBAFnXDt2Dkp5GYe69fL1qfHa+UpeTmndnQxXHDWv8SDLcKJCodIciskXlMATCnptTG4oALmCTbsMlyLQ=="
    },
    "node_modules/nodehp": {
      "version": "1.4.0",
      "resolved": "https://registry.npmjs.org/nodehp/-/nodehp-1.4.0.tgz",
      "integrity": "sha512-lkdIqi42TJ0VwYUjfQCirG8BN5aV6mWWWnPN+BwgGsROKfh93KZdEyRteaDzQadNQ+ounWVFzZHtKVta2TFuSA=="
    },
    "node_modules/virtuosity-server": {
      "version": "0.6.0",
      "resolved": "https://registry.npmjs.org/virtuosity-server/-/virtuosity-server-0.6.0.tgz",
      "integrity": "sha512-ovqOWHyZGksxyoz3+0A90lNnYRBEAkEx27zSyo4UNp/AgSGDhtYLlJcQq0QV+T0CC83G5ETtTGyd2nLT9Uq/QQ==",
      "dependencies": {
        "escs": "^1.1.4"
      }
    }
  },
  "dependencies": {
    "escs": {
      "version": "1.1.6",
      "resolved": "https://registry.npmjs.org/escs/-/escs-1.1.6.tgz",
      "integrity": "sha512-J0DhTZBAFnXDt2Dkp5GYe69fL1qfHa+UpeTmndnQxXHDWv8SDLcKJCodIciskXlMATCnptTG4oALmCTbsMlyLQ=="
    },
    "nodehp": {
      "version": "1.4.0",
      "resolved": "https://registry.npmjs.org/nodehp/-/nodehp-1.4.0.tgz",
      "integrity": "sha512-lkdIqi42TJ0VwYUjfQCirG8BN5aV6mWWWnPN+BwgGsROKfh93KZdEyRteaDzQadNQ+ounWVFzZHtKVta2TFuSA=="
    },
    "virtuosity-server": {
      "version": "0.6.0",
      "resolved": "https://registry.npmjs.org/virtuosity-server/-/virtuosity-server-0.6.0.tgz",
      "integrity": "sha512-ovqOWHyZGksxyoz3+0A90lNnYRBEAkEx27zSyo4UNp/AgSGDhtYLlJcQq0QV+T0CC83G5ETtTGyd2nLT9Uq/QQ==",
      "requires": {
        "escs": "^1.1.4"
      }
    }
  }
}
